
Microsoft Visual Studio Solution File, Format Version 12.00
# Visual Studio 14
VisualStudioVersion = 14.0.25123.0
MinimumVisualStudioVersion = 10.0.40219.1
Project("{FAE04EC0-301F-11D3-BF4B-00C04F79EFBC}") = "kadaige-mu", "kadaige-mu\kadaige-mu.csproj", "{C749BBF5-0FD3-49CD-B4E5-C2A3CE9E651A}"
EndProject
Global
	GlobalSection(SolutionConfigurationPlatforms) = preSolution
		Debug|Any CPU = Debug|Any CPU
		Release|Any CPU = Release|Any CPU
	EndGlobalSection
	GlobalSection(ProjectConfigurationPlatforms) = postSolution
		{C749BBF5-0FD3-49CD-B4E5-C2A3CE9E651A}.Debug|Any CPU.ActiveCfg = Debug|Any CPU
		{C749BBF5-0FD3-49CD-B4E5-C2A3CE9E651A}.Debug|Any CPU.Build.0 = Debug|Any CPU
		{C749BBF5-0FD3-49CD-B4E5-C2A3CE9E651A}.Release|Any CPU.ActiveCfg = Release|Any CPU
		{C749BBF5-0FD3-49CD-B4E5-C2A3CE9E651A}.Release|Any CPU.Build.0 = Release|Any CPU
	EndGlobalSection
	GlobalSection(SolutionProperties) = preSolution
		HideSolutionNode = FALSE
	EndGlobalSection
EndGlobal
